
Microsoft Visual Studio Solution File, Format Version 12.00
# Visual Studio Version 17
VisualStudioVersion = 17.8.34511.84
MinimumVisualStudioVersion = 10.0.40219.1
Project("{FAE04EC0-301F-11D3-BF4B-00C04F79EFBC}") = "OOP2LAB002", "OOP2LAB002.csproj", "{ED19FB48-0996-489C-888D-D5623FD36A2F}"
EndProject
Global
	GlobalSection(SolutionConfigurationPlatforms) = preSolution
		Debug|Any CPU = Debug|Any CPU
		Release|Any CPU = Release|Any CPU
	EndGlobalSection
	GlobalSection(ProjectConfigurationPlatforms) = postSolution
		{ED19FB48-0996-489C-888D-D5623FD36A2F}.Debug|Any CPU.ActiveCfg = Debug|Any CPU
		{ED19FB48-0996-489C-888D-D5623FD36A2F}.Debug|Any CPU.Build.0 = Debug|Any CPU
		{ED19FB48-0996-489C-888D-D5623FD36A2F}.Release|Any CPU.ActiveCfg = Release|Any CPU
		{ED19FB48-0996-489C-888D-D5623FD36A2F}.Release|Any CPU.Build.0 = Release|Any CPU
	EndGlobalSection
	GlobalSection(SolutionProperties) = preSolution
		HideSolutionNode = FALSE
	EndGlobalSection
	GlobalSection(ExtensibilityGlobals) = postSolution
		SolutionGuid = {ACEE8E62-D69F-47F7-BBBA-1A1ED63FACF1}
	EndGlobalSection
EndGlobal
